
Microsoft Visual Studio Solution File, Format Version 12.00
# Visual Studio 15
VisualStudioVersion = 15.0.28307.1525
MinimumVisualStudioVersion = 10.0.40219.1
Project("{8BC9CEB8-8B4A-11D0-8D11-00A0C91BC942}") = "UpdateProgram", "UpdateProgram\UpdateProgram.vcxproj", "{641EA205-3196-4913-8E22-86C9D766DD45}"
EndProject
Project("{2150E333-8FDC-42A3-9474-1A3956D46DE8}") = "Solution Items", "Solution Items", "{41E3193C-521C-479F-BA47-91A2AFB00CF8}"
	ProjectSection(SolutionItems) = preProject
		appveyor.yml = appveyor.yml
		README.md = README.md
	EndProjectSection
EndProject
Global
	GlobalSection(SolutionConfigurationPlatforms) = preSolution
		Debug|x64 = Debug|x64
		Debug|x86 = Debug|x86
		Release|x64 = Release|x64
		Release|x86 = Release|x86
	EndGlobalSection
	GlobalSection(ProjectConfigurationPlatforms) = postSolution
		{641EA205-3196-4913-8E22-86C9D766DD45}.Debug|x64.ActiveCfg = Debug|x64
		{641EA205-3196-4913-8E22-86C9D766DD45}.Debug|x64.Build.0 = Debug|x64
		{641EA205-3196-4913-8E22-86C9D766DD45}.Debug|x86.ActiveCfg = Debug|x64
		{641EA205-3196-4913-8E22-86C9D766DD45}.Release|x64.ActiveCfg = Release|x64
		{641EA205-3196-4913-8E22-86C9D766DD45}.Release|x64.Build.0 = Release|x64
		{641EA205-3196-4913-8E22-86C9D766DD45}.Release|x86.ActiveCfg = Release|x64
	EndGlobalSection
	GlobalSection(SolutionProperties) = preSolution
		HideSolutionNode = FALSE
	EndGlobalSection
	GlobalSection(ExtensibilityGlobals) = postSolution
		SolutionGuid = {1E76407A-BC0D-4C47-8409-0E4A127927BD}
	EndGlobalSection
EndGlobal
